
Microsoft Visual Studio Solution File, Format Version 12.00
# Visual Studio Version 16
VisualStudioVersion = 16.0.30320.27
MinimumVisualStudioVersion = 10.0.40219.1
Project("{9A19103F-16F7-4668-BE54-9A1E7A4F7556}") = "TranslateDatabase", "TranslateDatabase.csproj", "{ABBAD994-D024-468E-AE07-1C8922076771}"
EndProject
Global
	GlobalSection(SolutionConfigurationPlatforms) = preSolution
		Debug|Any CPU = Debug|Any CPU
		Release|Any CPU = Release|Any CPU
	EndGlobalSection
	GlobalSection(ProjectConfigurationPlatforms) = postSolution
		{ABBAD994-D024-468E-AE07-1C8922076771}.Debug|Any CPU.ActiveCfg = Debug|Any CPU
		{ABBAD994-D024-468E-AE07-1C8922076771}.Debug|Any CPU.Build.0 = Debug|Any CPU
		{ABBAD994-D024-468E-AE07-1C8922076771}.Release|Any CPU.ActiveCfg = Release|Any CPU
		{ABBAD994-D024-468E-AE07-1C8922076771}.Release|Any CPU.Build.0 = Release|Any CPU
	EndGlobalSection
	GlobalSection(SolutionProperties) = preSolution
		HideSolutionNode = FALSE
	EndGlobalSection
	GlobalSection(ExtensibilityGlobals) = postSolution
		SolutionGuid = {EC547C9B-931E-4B1D-8BB6-A2848B794B21}
	EndGlobalSection
EndGlobal
